
Microsoft Visual Studio Solution File, Format Version 12.00
Project("{FAE04EC0-301F-11D3-BF4B-00C04F79EFBC}") = "FirstApp", "FirstApp\FirstApp.csproj", "{65D2AFEF-B4F3-48AD-B664-B1BEC217011C}"
EndProject
Project("{FAE04EC0-301F-11D3-BF4B-00C04F79EFBC}") = "ASP.NETCoreApi", "ASP.NETCoreApi\ASP.NETCoreApi.csproj", "{D5F92887-36B6-4BCB-8973-4223C0D9EA88}"
EndProject
Project("{FAE04EC0-301F-11D3-BF4B-00C04F79EFBC}") = "FullstackChat", "FullstackChat\FullstackChat.csproj", "{778BE56A-7786-4EA5-B548-379ED3E0DA71}"
EndProject
Global
	GlobalSection(SolutionConfigurationPlatforms) = preSolution
		Debug|Any CPU = Debug|Any CPU
		Release|Any CPU = Release|Any CPU
	EndGlobalSection
	GlobalSection(ProjectConfigurationPlatforms) = postSolution
		{65D2AFEF-B4F3-48AD-B664-B1BEC217011C}.Debug|Any CPU.ActiveCfg = Debug|Any CPU
		{65D2AFEF-B4F3-48AD-B664-B1BEC217011C}.Debug|Any CPU.Build.0 = Debug|Any CPU
		{65D2AFEF-B4F3-48AD-B664-B1BEC217011C}.Release|Any CPU.ActiveCfg = Release|Any CPU
		{65D2AFEF-B4F3-48AD-B664-B1BEC217011C}.Release|Any CPU.Build.0 = Release|Any CPU
		{D5F92887-36B6-4BCB-8973-4223C0D9EA88}.Debug|Any CPU.ActiveCfg = Debug|Any CPU
		{D5F92887-36B6-4BCB-8973-4223C0D9EA88}.Debug|Any CPU.Build.0 = Debug|Any CPU
		{D5F92887-36B6-4BCB-8973-4223C0D9EA88}.Release|Any CPU.ActiveCfg = Release|Any CPU
		{D5F92887-36B6-4BCB-8973-4223C0D9EA88}.Release|Any CPU.Build.0 = Release|Any CPU
		{778BE56A-7786-4EA5-B548-379ED3E0DA71}.Debug|Any CPU.ActiveCfg = Debug|Any CPU
		{778BE56A-7786-4EA5-B548-379ED3E0DA71}.Debug|Any CPU.Build.0 = Debug|Any CPU
		{778BE56A-7786-4EA5-B548-379ED3E0DA71}.Release|Any CPU.ActiveCfg = Release|Any CPU
		{778BE56A-7786-4EA5-B548-379ED3E0DA71}.Release|Any CPU.Build.0 = Release|Any CPU
	EndGlobalSection
EndGlobal
